{
  "name": "hardhat-project",
  "lockfileVersion": 3,
  "requires": true,
  "packages": {
    "": {
      "name": "hardhat-project",
      "dependencies": {
        "@aave/core-v3": "^1.18.0",
        "dotenv": "^16.3.1"
      }
    },
    "node_modules/@aave/core-v3": {
      "version": "1.18.0",
      "resolved": "https://registry.npmjs.org/@aave/core-v3/-/core-v3-1.18.0.tgz",
      "integrity": "sha512-vWJdJ+Ci9LEgalm0CzKpUmYh35jD0MKYK1AftrIRoiBKCDRNXL8VpQ+60ByMWwIbCy9P81Z4G5oHy6lRduERNQ==",
      "engines": {
        "node": ">=16.0.0"
      }
    },
    "node_modules/dotenv": {
      "version": "16.3.1",
      "resolved": "https://registry.npmjs.org/dotenv/-/dotenv-16.3.1.tgz",
      "integrity": "sha512-IPzF4w4/Rd94bA9imS68tZBaYyBWSCE47V1RGuMrB94iyTOIEwRmVL2x/4An+6mETpLrKJ5hQkB8W4kFAadeIQ==",
      "engines": {
        "node": ">=12"
      },
      "funding": {
        "url": "https://github.com/motdotla/dotenv?sponsor=1"
      }
    }
  }
}
